// !$*UTF8*$!
{
	archiveVersion = 1;
	classes = {
	};
	objectVersion = 50;
	objects = {

/* Begin PBXBuildFile section */
		D416567E2405F5E000EC2753 /* AppDelegate.swift in Sources */ = {isa = PBXBuildFile; fileRef = D416567D2405F5E000EC2753 /* AppDelegate.swift */; };
		D41656802405F5E000EC2753 /* SceneDelegate.swift in Sources */ = {isa = PBXBuildFile; fileRef = D416567F2405F5E000EC2753 /* SceneDelegate.swift */; };
		D41656822405F5E000EC2753 /* ViewController.swift in Sources */ = {isa = PBXBuildFile; fileRef = D41656812405F5E000EC2753 /* ViewController.swift */; };
		D41656852405F5E000EC2753 /* Main.storyboard in Resources */ = {isa = PBXBuildFile; fileRef = D41656832405F5E000EC2753 /* Main.storyboard */; };
		D41656872405F5E300EC2753 /* Assets.xcassets in Resources */ = {isa = PBXBuildFile; fileRef = D41656862405F5E300EC2753 /* Assets.xcassets */; };
		D416568A2405F5E300EC2753 /* LaunchScreen.storyboard in Resources */ = {isa = PBXBuildFile; fileRef = D41656882405F5E300EC2753 /* LaunchScreen.storyboard */; };
		D41656952405F5E300EC2753 /* CoreDataDemoTests.swift in Sources */ = {isa = PBXBuildFile; fileRef = D41656942405F5E300EC2753 /* CoreDataDemoTests.swift */; };
		D41656A02405F5E300EC2753 /* CoreDataDemoUITests.swift in Sources */ = {isa = PBXBuildFile; fileRef = D416569F2405F5E300EC2753 /* CoreDataDemoUITests.swift */; };
		D41656B42405F73500EC2753 /* Users.xcdatamodeld in Sources */ = {isa = PBXBuildFile; fileRef = D41656B12405F73500EC2753 /* Users.xcdatamodeld */; };
		D41656B72405FA7800EC2753 /* CoreDataManager.swift in Sources */ = {isa = PBXBuildFile; fileRef = D41656B62405FA7800EC2753 /* CoreDataManager.swift */; };
		D41656BA2405FDF100EC2753 /* Users+CoreDataClass.swift in Sources */ = {isa = PBXBuildFile; fileRef = D41656B82405FDF100EC2753 /* Users+CoreDataClass.swift */; };
		D41656BB2405FDF100EC2753 /* Users+CoreDataProperties.swift in Sources */ = {isa = PBXBuildFile; fileRef = D41656B92405FDF100EC2753 /* Users+CoreDataProperties.swift */; };
/* End PBXBuildFile section */

/* Begin PBXContainerItemProxy section */
		D41656912405F5E300EC2753 /* PBXContainerItemProxy */ = {
			isa = PBXContainerItemProxy;
			containerPortal = D41656722405F5E000EC2753 /* Project object */;
			proxyType = 1;
			remoteGlobalIDString = D41656792405F5E000EC2753;
			remoteInfo = CoreDataDemo;
		};
		D416569C2405F5E300EC2753 /* PBXContainerItemProxy */ = {
			isa = PBXContainerItemProxy;
			containerPortal = D41656722405F5E000EC2753 /* Project object */;
			proxyType = 1;
			remoteGlobalIDString = D41656792405F5E000EC2753;
			remoteInfo = CoreDataDemo;
		};
/* End PBXContainerItemProxy section */

/* Begin PBXFileReference section */
		D416567A2405F5E000EC2753 /* CoreDataDemo.app */ = {isa = PBXFileReference; explicitFileType = wrapper.application; includeInIndex = 0; path = CoreDataDemo.app; sourceTree = BUILT_PRODUCTS_DIR; };
		D416567D2405F5E000EC2753 /* AppDelegate.swift */ = {isa = PBXFileReference; lastKnownFileType = sourcecode.swift; path = AppDelegate.swift; sourceTree = "<group>"; };
		D416567F2405F5E000EC2753 /* SceneDelegate.swift */ = {isa = PBXFileReference; lastKnownFileType = sourcecode.swift; path = SceneDelegate.swift; sourceTree = "<group>"; };
		D41656812405F5E000EC2753 /* ViewController.swift */ = {isa = PBXFileReference; lastKnownFileType = sourcecode.swift; path = ViewController.swift; sourceTree = "<group>"; };
		D41656842405F5E000EC2753 /* Base */ = {isa = PBXFileReference; lastKnownFileType = file.storyboard; name = Base; path = Base.lproj/Main.storyboard; sourceTree = "<group>"; };
		D41656862405F5E300EC2753 /* Assets.xcassets */ = {isa = PBXFileReference; lastKnownFileType = folder.assetcatalog; path = Assets.xcassets; sourceTree = "<group>"; };
		D41656892405F5E300EC2753 /* Base */ = {isa = PBXFileReference; lastKnownFileType = file.storyboard; name = Base; path = Base.lproj/LaunchScreen.storyboard; sourceTree = "<group>"; };
		D416568B2405F5E300EC2753 /* Info.plist */ = {isa = PBXFileReference; lastKnownFileType = text.plist.xml; path = Info.plist; sourceTree = "<group>"; };
		D41656902405F5E300EC2753 /* CoreDataDemoTests.xctest */ = {isa = PBXFileReference; explicitFileType = wrapper.cfbundle; includeInIndex = 0; path = CoreDataDemoTests.xctest; sourceTree = BUILT_PRODUCTS_DIR; };
		D41656942405F5E300EC2753 /* CoreDataDemoTests.swift */ = {isa = PBXFileReference; lastKnownFileType = sourcecode.swift; path = CoreDataDemoTests.swift; sourceTree = "<group>"; };
		D41656962405F5E300EC2753 /* Info.plist */ = {isa = PBXFileReference; lastKnownFileType = text.plist.xml; path = Info.plist; sourceTree = "<group>"; };
		D416569B2405F5E300EC2753 /* CoreDataDemoUITests.xctest */ = {isa = PBXFileReference; explicitFileType = wrapper.cfbundle; includeInIndex = 0; path = CoreDataDemoUITests.xctest; sourceTree = BUILT_PRODUCTS_DIR; };
		D416569F2405F5E300EC2753 /* CoreDataDemoUITests.swift */ = {isa = PBXFileReference; lastKnownFileType = sourcecode.swift; path = CoreDataDemoUITests.swift; sourceTree = "<group>"; };
		D41656A12405F5E300EC2753 /* Info.plist */ = {isa = PBXFileReference; lastKnownFileType = text.plist.xml; path = Info.plist; sourceTree = "<group>"; };
		D41656B22405F73500EC2753 /* Users.xcdatamodel */ = {isa = PBXFileReference; lastKnownFileType = wrapper.xcdatamodel; path = Users.xcdatamodel; sourceTree = "<group>"; };
		D41656B32405F73500EC2753 /* User.xcdatamodel */ = {isa = PBXFileReference; lastKnownFileType = wrapper.xcdatamodel; path = User.xcdatamodel; sourceTree = "<group>"; };
		D41656B62405FA7800EC2753 /* CoreDataManager.swift */ = {isa = PBXFileReference; lastKnownFileType = sourcecode.swift; path = CoreDataManager.swift; sourceTree = "<group>"; };
		D41656B82405FDF100EC2753 /* Users+CoreDataClass.swift */ = {isa = PBXFileReference; lastKnownFileType = sourcecode.swift; path = "Users+CoreDataClass.swift"; sourceTree = "<group>"; };
		D41656B92405FDF100EC2753 /* Users+CoreDataProperties.swift */ = {isa = PBXFileReference; lastKnownFileType = sourcecode.swift; path = "Users+CoreDataProperties.swift"; sourceTree = "<group>"; };
/* End PBXFileReference section */

/* Begin PBXFrameworksBuildPhase section */
		D41656772405F5E000EC2753 /* Frameworks */ = {
			isa = PBXFrameworksBuildPhase;
			buildActionMask = 2147483647;
			files = (
			);
			runOnlyForDeploymentPostprocessing = 0;
		};
		D416568D2405F5E300EC2753 /* Frameworks */ = {
			isa = PBXFrameworksBuildPhase;
			buildActionMask = 2147483647;
			files = (
			);
			runOnlyForDeploymentPostprocessing = 0;
		};
		D41656982405F5E300EC2753 /* Frameworks */ = {
			isa = PBXFrameworksBuildPhase;
			buildActionMask = 2147483647;
			files = (
			);
			runOnlyForDeploymentPostprocessing = 0;
		};
/* End PBXFrameworksBuildPhase section */

/* Begin PBXGroup section */
		D41656712405F5E000EC2753 = {
			isa = PBXGroup;
			children = (
				D416567C2405F5E000EC2753 /* CoreDataDemo */,
				D41656932405F5E300EC2753 /* CoreDataDemoTests */,
				D416569E2405F5E300EC2753 /* CoreDataDemoUITests */,
				D416567B2405F5E000EC2753 /* Products */,
			);
			sourceTree = "<group>";
		};
		D416567B2405F5E000EC2753 /* Products */ = {
			isa = PBXGroup;
			children = (
				D416567A2405F5E000EC2753 /* CoreDataDemo.app */,
				D41656902405F5E300EC2753 /* CoreDataDemoTests.xctest */,
				D416569B2405F5E300EC2753 /* CoreDataDemoUITests.xctest */,
			);
			name = Products;
			sourceTree = "<group>";
		};
		D416567C2405F5E000EC2753 /* CoreDataDemo */ = {
			isa = PBXGroup;
			children = (
				D416567D2405F5E000EC2753 /* AppDelegate.swift */,
				D41656AD2405F66600EC2753 /* CoreData */,
				D41656B52405FA5C00EC2753 /* Managers */,
				D41656BC2405FDF600EC2753 /* Model */,
				D416567F2405F5E000EC2753 /* SceneDelegate.swift */,
				D41656812405F5E000EC2753 /* ViewController.swift */,
				D41656832405F5E000EC2753 /* Main.storyboard */,
				D41656862405F5E300EC2753 /* Assets.xcassets */,
				D41656882405F5E300EC2753 /* LaunchScreen.storyboard */,
				D416568B2405F5E300EC2753 /* Info.plist */,
			);
			path = CoreDataDemo;
			sourceTree = "<group>";
		};
		D41656932405F5E300EC2753 /* CoreDataDemoTests */ = {
			isa = PBXGroup;
			children = (
				D41656942405F5E300EC2753 /* CoreDataDemoTests.swift */,
				D41656962405F5E300EC2753 /* Info.plist */,
			);
			path = CoreDataDemoTests;
			sourceTree = "<group>";
		};
		D416569E2405F5E300EC2753 /* CoreDataDemoUITests */ = {
			isa = PBXGroup;
			children = (
				D416569F2405F5E300EC2753 /* CoreDataDemoUITests.swift */,
				D41656A12405F5E300EC2753 /* Info.plist */,
			);
			path = CoreDataDemoUITests;
			sourceTree = "<group>";
		};
		D41656AD2405F66600EC2753 /* CoreData */ = {
			isa = PBXGroup;
			children = (
				D41656B12405F73500EC2753 /* Users.xcdatamodeld */,
			);
			path = CoreData;
			sourceTree = "<group>";
		};
		D41656B52405FA5C00EC2753 /* Managers */ = {
			isa = PBXGroup;
			children = (
				D41656B62405FA7800EC2753 /* CoreDataManager.swift */,
			);
			path = Managers;
			sourceTree = "<group>";
		};
		D41656BC2405FDF600EC2753 /* Model */ = {
			isa = PBXGroup;
			children = (
				D41656B82405FDF100EC2753 /* Users+CoreDataClass.swift */,
				D41656B92405FDF100EC2753 /* Users+CoreDataProperties.swift */,
			);
			path = Model;
			sourceTree = "<group>";
		};
/* End PBXGroup section */

/* Begin PBXNativeTarget section */
		D41656792405F5E000EC2753 /* CoreDataDemo */ = {
			isa = PBXNativeTarget;
			buildConfigurationList = D41656A42405F5E300EC2753 /* Build configuration list for PBXNativeTarget "CoreDataDemo" */;
			buildPhases = (
				D41656762405F5E000EC2753 /* Sources */,
				D41656772405F5E000EC2753 /* Frameworks */,
				D41656782405F5E000EC2753 /* Resources */,
			);
			buildRules = (
			);
			dependencies = (
			);
			name = CoreDataDemo;
			productName = CoreDataDemo;
			productReference = D416567A2405F5E000EC2753 /* CoreDataDemo.app */;
			productType = "com.apple.product-type.application";
		};
		D416568F2405F5E300EC2753 /* CoreDataDemoTests */ = {
			isa = PBXNativeTarget;
			buildConfigurationList = D41656A72405F5E300EC2753 /* Build configuration list for PBXNativeTarget "CoreDataDemoTests" */;
			buildPhases = (
				D416568C2405F5E300EC2753 /* Sources */,
				D416568D2405F5E300EC2753 /* Frameworks */,
				D416568E2405F5E300EC2753 /* Resources */,
			);
			buildRules = (
			);
			dependencies = (
				D41656922405F5E300EC2753 /* PBXTargetDependency */,
			);
			name = CoreDataDemoTests;
			productName = CoreDataDemoTests;
			productReference = D41656902405F5E300EC2753 /* CoreDataDemoTests.xctest */;
			productType = "com.apple.product-type.bundle.unit-test";
		};
		D416569A2405F5E300EC2753 /* CoreDataDemoUITests */ = {
			isa = PBXNativeTarget;
			buildConfigurationList = D41656AA2405F5E300EC2753 /* Build configuration list for PBXNativeTarget "CoreDataDemoUITests" */;
			buildPhases = (
				D41656972405F5E300EC2753 /* Sources */,
				D41656982405F5E300EC2753 /* Frameworks */,
				D41656992405F5E300EC2753 /* Resources */,
			);
			buildRules = (
			);
			dependencies = (
				D416569D2405F5E300EC2753 /* PBXTargetDependency */,
			);
			name = CoreDataDemoUITests;
			productName = CoreDataDemoUITests;
			productReference = D416569B2405F5E300EC2753 /* CoreDataDemoUITests.xctest */;
			productType = "com.apple.product-type.bundle.ui-testing";
		};
/* End PBXNativeTarget section */

/* Begin PBXProject section */
		D41656722405F5E000EC2753 /* Project object */ = {
			isa = PBXProject;
			attributes = {
				LastSwiftUpdateCheck = 1130;
				LastUpgradeCheck = 1130;
				ORGANIZATIONNAME = Yun;
				TargetAttributes = {
					D41656792405F5E000EC2753 = {
						CreatedOnToolsVersion = 11.3.1;
					};
					D416568F2405F5E300EC2753 = {
						CreatedOnToolsVersion = 11.3.1;
						TestTargetID = D41656792405F5E000EC2753;
					};
					D416569A2405F5E300EC2753 = {
						CreatedOnToolsVersion = 11.3.1;
						TestTargetID = D41656792405F5E000EC2753;
					};
				};
			};
			buildConfigurationList = D41656752405F5E000EC2753 /* Build configuration list for PBXProject "CoreDataDemo" */;
			compatibilityVersion = "Xcode 9.3";
			developmentRegion = en;
			hasScannedForEncodings = 0;
			knownRegions = (
				en,
				Base,
			);
			mainGroup = D41656712405F5E000EC2753;
			productRefGroup = D416567B2405F5E000EC2753 /* Products */;
			projectDirPath = "";
			projectRoot = "";
			targets = (
				D41656792405F5E000EC2753 /* CoreDataDemo */,
				D416568F2405F5E300EC2753 /* CoreDataDemoTests */,
				D416569A2405F5E300EC2753 /* CoreDataDemoUITests */,
			);
		};
/* End PBXProject section */

/* Begin PBXResourcesBuildPhase section */
		D41656782405F5E000EC2753 /* Resources */ = {
			isa = PBXResourcesBuildPhase;
			buildActionMask = 2147483647;
			files = (
				D416568A2405F5E300EC2753 /* LaunchScreen.storyboard in Resources */,
				D41656872405F5E300EC2753 /* Assets.xcassets in Resources */,
				D41656852405F5E000EC2753 /* Main.storyboard in Resources */,
			);
			runOnlyForDeploymentPostprocessing = 0;
		};
		D416568E2405F5E300EC2753 /* Resources */ = {
			isa = PBXResourcesBuildPhase;
			buildActionMask = 2147483647;
			files = (
			);
			runOnlyForDeploymentPostprocessing = 0;
		};
		D41656992405F5E300EC2753 /* Resources */ = {
			isa = PBXResourcesBuildPhase;
			buildActionMask = 2147483647;
			files = (
			);
			runOnlyForDeploymentPostprocessing = 0;
		};
/* End PBXResourcesBuildPhase section */

/* Begin PBXSourcesBuildPhase section */
		D41656762405F5E000EC2753 /* Sources */ = {
			isa = PBXSourcesBuildPhase;
			buildActionMask = 2147483647;
			files = (
				D41656B42405F73500EC2753 /* Users.xcdatamodeld in Sources */,
				D41656822405F5E000EC2753 /* ViewController.swift in Sources */,
				D41656BA2405FDF100EC2753 /* Users+CoreDataClass.swift in Sources */,
				D416567E2405F5E000EC2753 /* AppDelegate.swift in Sources */,
				D41656BB2405FDF100EC2753 /* Users+CoreDataProperties.swift in Sources */,
				D41656B72405FA7800EC2753 /* CoreDataManager.swift in Sources */,
				D41656802405F5E000EC2753 /* SceneDelegate.swift in Sources */,
			);
			runOnlyForDeploymentPostprocessing = 0;
		};
		D416568C2405F5E300EC2753 /* Sources */ = {
			isa = PBXSourcesBuildPhase;
			buildActionMask = 2147483647;
			files = (
				D41656952405F5E300EC2753 /* CoreDataDemoTests.swift in Sources */,
			);
			runOnlyForDeploymentPostprocessing = 0;
		};
		D41656972405F5E300EC2753 /* Sources */ = {
			isa = PBXSourcesBuildPhase;
			buildActionMask = 2147483647;
			files = (
				D41656A02405F5E300EC2753 /* CoreDataDemoUITests.swift in Sources */,
			);
			runOnlyForDeploymentPostprocessing = 0;
		};
/* End PBXSourcesBuildPhase section */

/* Begin PBXTargetDependency section */
		D41656922405F5E300EC2753 /* PBXTargetDependency */ = {
			isa = PBXTargetDependency;
			target = D41656792405F5E000EC2753 /* CoreDataDemo */;
			targetProxy = D41656912405F5E300EC2753 /* PBXContainerItemProxy */;
		};
		D416569D2405F5E300EC2753 /* PBXTargetDependency */ = {
			isa = PBXTargetDependency;
			target = D41656792405F5E000EC2753 /* CoreDataDemo */;
			targetProxy = D416569C2405F5E300EC2753 /* PBXContainerItemProxy */;
		};
/* End PBXTargetDependency section */

/* Begin PBXVariantGroup section */
		D41656832405F5E000EC2753 /* Main.storyboard */ = {
			isa = PBXVariantGroup;
			children = (
				D41656842405F5E000EC2753 /* Base */,
			);
			name = Main.storyboard;
			sourceTree = "<group>";
		};
		D41656882405F5E300EC2753 /* LaunchScreen.storyboard */ = {
			isa = PBXVariantGroup;
			children = (
				D41656892405F5E300EC2753 /* Base */,
			);
			name = LaunchScreen.storyboard;
			sourceTree = "<group>";
		};
/* End PBXVariantGroup section */

/* Begin XCBuildConfiguration section */
		D41656A22405F5E300EC2753 /* Debug */ = {
			isa = XCBuildConfiguration;
			buildSettings = {
				ALWAYS_SEARCH_USER_PATHS = NO;
				CLANG_ANALYZER_NONNULL = YES;
				CLANG_ANALYZER_NUMBER_OBJECT_CONVERSION = YES_AGGRESSIVE;
				CLANG_CXX_LANGUAGE_STANDARD = "gnu++14";
				CLANG_CXX_LIBRARY = "libc++";
				CLANG_ENABLE_MODULES = YES;
				CLANG_ENABLE_OBJC_ARC = YES;
				CLANG_ENABLE_OBJC_WEAK = YES;
				CLANG_WARN_BLOCK_CAPTURE_AUTORELEASING = YES;
				CLANG_WARN_BOOL_CONVERSION = YES;
				CLANG_WARN_COMMA = YES;
				CLANG_WARN_CONSTANT_CONVERSION = YES;
				CLANG_WARN_DEPRECATED_OBJC_IMPLEMENTATIONS = YES;
				CLANG_WARN_DIRECT_OBJC_ISA_USAGE = YES_ERROR;
				CLANG_WARN_DOCUMENTATION_COMMENTS = YES;
				CLANG_WARN_EMPTY_BODY = YES;
				CLANG_WARN_ENUM_CONVERSION = YES;
				CLANG_WARN_INFINITE_RECURSION = YES;
				CLANG_WARN_INT_CONVERSION = YES;
				CLANG_WARN_NON_LITERAL_NULL_CONVERSION = YES;
				CLANG_WARN_OBJC_IMPLICIT_RETAIN_SELF = YES;
				CLANG_WARN_OBJC_LITERAL_CONVERSION = YES;
				CLANG_WARN_OBJC_ROOT_CLASS = YES_ERROR;
				CLANG_WARN_RANGE_LOOP_ANALYSIS = YES;
				CLANG_WARN_STRICT_PROTOTYPES = YES;
				CLANG_WARN_SUSPICIOUS_MOVE = YES;
				CLANG_WARN_UNGUARDED_AVAILABILITY = YES_AGGRESSIVE;
				CLANG_WARN_UNREACHABLE_CODE = YES;
				CLANG_WARN__DUPLICATE_METHOD_MATCH = YES;
				COPY_PHASE_STRIP = NO;
				DEBUG_INFORMATION_FORMAT = dwarf;
				ENABLE_STRICT_OBJC_MSGSEND = YES;
				ENABLE_TESTABILITY = YES;
				GCC_C_LANGUAGE_STANDARD = gnu11;
				GCC_DYNAMIC_NO_PIC = NO;
				GCC_NO_COMMON_BLOCKS = YES;
				GCC_OPTIMIZATION_LEVEL = 0;
				GCC_PREPROCESSOR_DEFINITIONS = (
					"DEBUG=1",
					"$(inherited)",
				);
				GCC_WARN_64_TO_32_BIT_CONVERSION = YES;
				GCC_WARN_ABOUT_RETURN_TYPE = YES_ERROR;
				GCC_WARN_UNDECLARED_SELECTOR = YES;
				GCC_WARN_UNINITIALIZED_AUTOS = YES_AGGRESSIVE;
				GCC_WARN_UNUSED_FUNCTION = YES;
				GCC_WARN_UNUSED_VARIABLE = YES;
				IPHONEOS_DEPLOYMENT_TARGET = 13.2;
				MTL_ENABLE_DEBUG_INFO = INCLUDE_SOURCE;
				MTL_FAST_MATH = YES;
				ONLY_ACTIVE_ARCH = YES;
				SDKROOT = iphoneos;
				SWIFT_ACTIVE_COMPILATION_CONDITIONS = DEBUG;
				SWIFT_OPTIMIZATION_LEVEL = "-Onone";
			};
			name = Debug;
		};
		D41656A32405F5E300EC2753 /* Release */ = {
			isa = XCBuildConfiguration;
			buildSettings = {
				ALWAYS_SEARCH_USER_PATHS = NO;
				CLANG_ANALYZER_NONNULL = YES;
				CLANG_ANALYZER_NUMBER_OBJECT_CONVERSION = YES_AGGRESSIVE;
				CLANG_CXX_LANGUAGE_STANDARD = "gnu++14";
				CLANG_CXX_LIBRARY = "libc++";
				CLANG_ENABLE_MODULES = YES;
				CLANG_ENABLE_OBJC_ARC = YES;
				CLANG_ENABLE_OBJC_WEAK = YES;
				CLANG_WARN_BLOCK_CAPTURE_AUTORELEASING = YES;
				CLANG_WARN_BOOL_CONVERSION = YES;
				CLANG_WARN_COMMA = YES;
				CLANG_WARN_CONSTANT_CONVERSION = YES;
				CLANG_WARN_DEPRECATED_OBJC_IMPLEMENTATIONS = YES;
				CLANG_WARN_DIRECT_OBJC_ISA_USAGE = YES_ERROR;
				CLANG_WARN_DOCUMENTATION_COMMENTS = YES;
				CLANG_WARN_EMPTY_BODY = YES;
				CLANG_WARN_ENUM_CONVERSION = YES;
				CLANG_WARN_INFINITE_RECURSION = YES;
				CLANG_WARN_INT_CONVERSION = YES;
				CLANG_WARN_NON_LITERAL_NULL_CONVERSION = YES;
				CLANG_WARN_OBJC_IMPLICIT_RETAIN_SELF = YES;
				CLANG_WARN_OBJC_LITERAL_CONVERSION = YES;
				CLANG_WARN_OBJC_ROOT_CLASS = YES_ERROR;
				CLANG_WARN_RANGE_LOOP_ANALYSIS = YES;
				CLANG_WARN_STRICT_PROTOTYPES = YES;
				CLANG_WARN_SUSPICIOUS_MOVE = YES;
				CLANG_WARN_UNGUARDED_AVAILABILITY = YES_AGGRESSIVE;
				CLANG_WARN_UNREACHABLE_CODE = YES;
				CLANG_WARN__DUPLICATE_METHOD_MATCH = YES;
				COPY_PHASE_STRIP = NO;
				DEBUG_INFORMATION_FORMAT = "dwarf-with-dsym";
				ENABLE_NS_ASSERTIONS = NO;
				ENABLE_STRICT_OBJC_MSGSEND = YES;
				GCC_C_LANGUAGE_STANDARD = gnu11;
				GCC_NO_COMMON_BLOCKS = YES;
				GCC_WARN_64_TO_32_BIT_CONVERSION = YES;
				GCC_WARN_ABOUT_RETURN_TYPE = YES_ERROR;
				GCC_WARN_UNDECLARED_SELECTOR = YES;
				GCC_WARN_UNINITIALIZED_AUTOS = YES_AGGRESSIVE;
				GCC_WARN_UNUSED_FUNCTION = YES;
				GCC_WARN_UNUSED_VARIABLE = YES;
				IPHONEOS_DEPLOYMENT_TARGET = 13.2;
				MTL_ENABLE_DEBUG_INFO = NO;
				MTL_FAST_MATH = YES;
				SDKROOT = iphoneos;
				SWIFT_COMPILATION_MODE = wholemodule;
				SWIFT_OPTIMIZATION_LEVEL = "-O";
				VALIDATE_PRODUCT = YES;
			};
			name = Release;
		};
		D41656A52405F5E300EC2753 /* Debug */ = {
			isa = XCBuildConfiguration;
			buildSettings = {
				ASSETCATALOG_COMPILER_APPICON_NAME = AppIcon;
				CODE_SIGN_STYLE = Automatic;
				DEVELOPMENT_TEAM = P5P5399747;
				INFOPLIST_FILE = CoreDataDemo/Info.plist;
				LD_RUNPATH_SEARCH_PATHS = (
					"$(inherited)",
					"@executable_path/Frameworks",
				);
				PRODUCT_BUNDLE_IDENTIFIER = com.hanulyun.CoreDataDemo;
				PRODUCT_NAME = "$(TARGET_NAME)";
				SWIFT_VERSION = 5.0;
				TARGETED_DEVICE_FAMILY = "1,2";
			};
			name = Debug;
		};
		D41656A62405F5E300EC2753 /* Release */ = {
			isa = XCBuildConfiguration;
			buildSettings = {
				ASSETCATALOG_COMPILER_APPICON_NAME = AppIcon;
				CODE_SIGN_STYLE = Automatic;
				DEVELOPMENT_TEAM = P5P5399747;
				INFOPLIST_FILE = CoreDataDemo/Info.plist;
				LD_RUNPATH_SEARCH_PATHS = (
					"$(inherited)",
					"@executable_path/Frameworks",
				);
				PRODUCT_BUNDLE_IDENTIFIER = com.hanulyun.CoreDataDemo;
				PRODUCT_NAME = "$(TARGET_NAME)";
				SWIFT_VERSION = 5.0;
				TARGETED_DEVICE_FAMILY = "1,2";
			};
			name = Release;
		};
		D41656A82405F5E300EC2753 /* Debug */ = {
			isa = XCBuildConfiguration;
			buildSettings = {
				ALWAYS_EMBED_SWIFT_STANDARD_LIBRARIES = YES;
				BUNDLE_LOADER = "$(TEST_HOST)";
				CODE_SIGN_STYLE = Automatic;
				DEVELOPMENT_TEAM = P5P5399747;
				INFOPLIST_FILE = CoreDataDemoTests/Info.plist;
				IPHONEOS_DEPLOYMENT_TARGET = 13.2;
				LD_RUNPATH_SEARCH_PATHS = (
					"$(inherited)",
					"@executable_path/Frameworks",
					"@loader_path/Frameworks",
				);
				PRODUCT_BUNDLE_IDENTIFIER = com.hanulyun.CoreDataDemoTests;
				PRODUCT_NAME = "$(TARGET_NAME)";
				SWIFT_VERSION = 5.0;
				TARGETED_DEVICE_FAMILY = "1,2";
				TEST_HOST = "$(BUILT_PRODUCTS_DIR)/CoreDataDemo.app/CoreDataDemo";
			};
			name = Debug;
		};
		D41656A92405F5E300EC2753 /* Release */ = {
			isa = XCBuildConfiguration;
			buildSettings = {
				ALWAYS_EMBED_SWIFT_STANDARD_LIBRARIES = YES;
				BUNDLE_LOADER = "$(TEST_HOST)";
				CODE_SIGN_STYLE = Automatic;
				DEVELOPMENT_TEAM = P5P5399747;
				INFOPLIST_FILE = CoreDataDemoTests/Info.plist;
				IPHONEOS_DEPLOYMENT_TARGET = 13.2;
				LD_RUNPATH_SEARCH_PATHS = (
					"$(inherited)",
					"@executable_path/Frameworks",
					"@loader_path/Frameworks",
				);
				PRODUCT_BUNDLE_IDENTIFIER = com.hanulyun.CoreDataDemoTests;
				PRODUCT_NAME = "$(TARGET_NAME)";
				SWIFT_VERSION = 5.0;
				TARGETED_DEVICE_FAMILY = "1,2";
				TEST_HOST = "$(BUILT_PRODUCTS_DIR)/CoreDataDemo.app/CoreDataDemo";
			};
			name = Release;
		};
		D41656AB2405F5E300EC2753 /* Debug */ = {
			isa = XCBuildConfiguration;
			buildSettings = {
				ALWAYS_EMBED_SWIFT_STANDARD_LIBRARIES = YES;
				CODE_SIGN_STYLE = Automatic;
				DEVELOPMENT_TEAM = P5P5399747;
				INFOPLIST_FILE = CoreDataDemoUITests/Info.plist;
				LD_RUNPATH_SEARCH_PATHS = (
					"$(inherited)",
					"@executable_path/Frameworks",
					"@loader_path/Frameworks",
				);
				PRODUCT_BUNDLE_IDENTIFIER = com.hanulyun.CoreDataDemoUITests;
				PRODUCT_NAME = "$(TARGET_NAME)";
				SWIFT_VERSION = 5.0;
				TARGETED_DEVICE_FAMILY = "1,2";
				TEST_TARGET_NAME = CoreDataDemo;
			};
			name = Debug;
		};
		D41656AC2405F5E300EC2753 /* Release */ = {
			isa = XCBuildConfiguration;
			buildSettings = {
				ALWAYS_EMBED_SWIFT_STANDARD_LIBRARIES = YES;
				CODE_SIGN_STYLE = Automatic;
				DEVELOPMENT_TEAM = P5P5399747;
				INFOPLIST_FILE = CoreDataDemoUITests/Info.plist;
				LD_RUNPATH_SEARCH_PATHS = (
					"$(inherited)",
					"@executable_path/Frameworks",
					"@loader_path/Frameworks",
				);
				PRODUCT_BUNDLE_IDENTIFIER = com.hanulyun.CoreDataDemoUITests;
				PRODUCT_NAME = "$(TARGET_NAME)";
				SWIFT_VERSION = 5.0;
				TARGETED_DEVICE_FAMILY = "1,2";
				TEST_TARGET_NAME = CoreDataDemo;
			};
			name = Release;
		};
/* End XCBuildConfiguration section */

/* Begin XCConfigurationList section */
		D41656752405F5E000EC2753 /* Build configuration list for PBXProject "CoreDataDemo" */ = {
			isa = XCConfigurationList;
			buildConfigurations = (
				D41656A22405F5E300EC2753 /* Debug */,
				D41656A32405F5E300EC2753 /* Release */,
			);
			defaultConfigurationIsVisible = 0;
			defaultConfigurationName = Release;
		};
		D41656A42405F5E300EC2753 /* Build configuration list for PBXNativeTarget "CoreDataDemo" */ = {
			isa = XCConfigurationList;
			buildConfigurations = (
				D41656A52405F5E300EC2753 /* Debug */,
				D41656A62405F5E300EC2753 /* Release */,
			);
			defaultConfigurationIsVisible = 0;
			defaultConfigurationName = Release;
		};
		D41656A72405F5E300EC2753 /* Build configuration list for PBXNativeTarget "CoreDataDemoTests" */ = {
			isa = XCConfigurationList;
			buildConfigurations = (
				D41656A82405F5E300EC2753 /* Debug */,
				D41656A92405F5E300EC2753 /* Release */,
			);
			defaultConfigurationIsVisible = 0;
			defaultConfigurationName = Release;
		};
		D41656AA2405F5E300EC2753 /* Build configuration list for PBXNativeTarget "CoreDataDemoUITests" */ = {
			isa = XCConfigurationList;
			buildConfigurations = (
				D41656AB2405F5E300EC2753 /* Debug */,
				D41656AC2405F5E300EC2753 /* Release */,
			);
			defaultConfigurationIsVisible = 0;
			defaultConfigurationName = Release;
		};
/* End XCConfigurationList section */

/* Begin XCVersionGroup section */
		D41656B12405F73500EC2753 /* Users.xcdatamodeld */ = {
			isa = XCVersionGroup;
			children = (
				D41656B22405F73500EC2753 /* Users.xcdatamodel */,
				D41656B32405F73500EC2753 /* User.xcdatamodel */,
			);
			currentVersion = D41656B22405F73500EC2753 /* Users.xcdatamodel */;
			path = Users.xcdatamodeld;
			sourceTree = "<group>";
			versionGroupType = wrapper.xcdatamodel;
		};
/* End XCVersionGroup section */
	};
	rootObject = D41656722405F5E000EC2753 /* Project object */;
}
